<?xml version="1.0" encoding="utf-8"?>
<Project ToolsVersion="4.0" xmlns="http://schemas.microsoft.com/developer/msbuild/2003">
  <ItemGroup>
    <Filter Include="Source Files">
      <UniqueIdentifier>{4FC737F1-C7A5-4376-A066-2A32D752A2FF}</UniqueIdentifier>
      <Extensions>cpp;c;cc;cxx;c++;cppm;ixx;def;odl;idl;hpj;bat;asm;asmx</Extensions>
    </Filter>
    <Filter Include="Header Files">
      <UniqueIdentifier>{93995380-89BD-4b04-88EB-625FBE52EBFB}</UniqueIdentifier>
      <Extensions>h;hh;hpp;hxx;h++;hm;inl;inc;ipp;xsd</Extensions>
    </Filter>
    <Filter Include="Resource Files">
      <UniqueIdentifier>{67DA6AB6-F800-4c08-8B7A-83BB121AAD01}</UniqueIdentifier>
      <Extensions>rc;ico;cur;bmp;dlg;rc2;rct;bin;rgs;gif;jpg;jpeg;jpe;resx;tiff;tif;png;wav;mfcribbon-ms</Extensions>
    </Filter>
  </ItemGroup>
  <ItemGroup>
    <ClInclude Include="framework.h">
      <Filter>Header Files</Filter>
    </ClInclude>
    <ClInclude Include="targetver.h">
      <Filter>Header Files</Filter>
    </ClInclude>
    <ClInclude Include="Resource.h">
      <Filter>Header Files</Filter>
    </ClInclude>
    <ClInclude Include="..\..\mp3checker\windows\fileinfo.h">
      <Filter>Header Files</Filter>
    </ClInclude>
    <ClInclude Include="..\..\mp3checker\windows\listview.h">
      <Filter>Header Files</Filter>
    </ClInclude>
    <ClInclude Include="..\..\mp3checker\windows\mp3checker.h">
      <Filter>Header Files</Filter>
    </ClInclude>
    <ClInclude Include="..\..\mp3checker\windows\rebar.h">
      <Filter>Header Files</Filter>
    </ClInclude>
    <ClInclude Include="..\..\mp3checker\windows\resource.h">
      <Filter>Header Files</Filter>
    </ClInclude>
    <ClInclude Include="..\..\mp3checker\windows\sort.h">
      <Filter>Header Files</Filter>
    </ClInclude>
    <ClInclude Include="..\..\mp3checker\windows\vector.h">
      <Filter>Header Files</Filter>
    </ClInclude>
  </ItemGroup>
  <ItemGroup>
    <ClCompile Include="..\..\mp3checker\windows\fileinfo.c">
      <Filter>Source Files</Filter>
    </ClCompile>
    <ClCompile Include="..\..\mp3checker\windows\listview.c">
      <Filter>Source Files</Filter>
    </ClCompile>
    <ClCompile Include="..\..\mp3checker\windows\mp3checker.c">
      <Filter>Source Files</Filter>
    </ClCompile>
    <ClCompile Include="..\..\mp3checker\windows\rebar.c">
      <Filter>Source Files</Filter>
    </ClCompile>
    <ClCompile Include="..\..\mp3checker\windows\sort.c">
      <Filter>Source Files</Filter>
    </ClCompile>
    <ClCompile Include="..\..\mp3checker\windows\vector.c">
      <Filter>Source Files</Filter>
    </ClCompile>
  </ItemGroup>
  <ItemGroup>
    <Image Include="..\..\mp3checker\windows\dir.ico">
      <Filter>Resource Files</Filter>
    </Image>
    <Image Include="..\..\mp3checker\windows\dirbad.ico">
      <Filter>Resource Files</Filter>
    </Image>
    <Image Include="..\..\mp3checker\windows\dirgood.ico">
      <Filter>Resource Files</Filter>
    </Image>
    <Image Include="..\..\mp3checker\windows\dirunknown.ico">
      <Filter>Resource Files</Filter>
    </Image>
    <Image Include="..\..\mp3checker\windows\file.ico">
      <Filter>Resource Files</Filter>
    </Image>
    <Image Include="..\..\mp3checker\windows\filebad.ico">
      <Filter>Resource Files</Filter>
    </Image>
    <Image Include="..\..\mp3checker\windows\filegood.ico">
      <Filter>Resource Files</Filter>
    </Image>
    <Image Include="..\..\mp3checker\windows\fileunknown.ico">
      <Filter>Resource Files</Filter>
    </Image>
    <Image Include="..\..\mp3checker\windows\mp3checker.ico">
      <Filter>Resource Files</Filter>
    </Image>
    <Image Include="..\..\mp3checker\windows\mp3checker.bmp">
      <Filter>Resource Files</Filter>
    </Image>
  </ItemGroup>
  <ItemGroup>
    <ResourceCompile Include="..\..\mp3checker\windows\mp3checker.rc">
      <Filter>Resource Files</Filter>
    </ResourceCompile>
  </ItemGroup>
</Project>