<?xml version="1.0" encoding="utf-8"?>
<Project ToolsVersion="4.0" xmlns="http://schemas.microsoft.com/developer/msbuild/2003">
  <ItemGroup>
    <Filter Include="Source Files">
      <UniqueIdentifier>{4FC737F1-C7A5-4376-A066-2A32D752A2FF}</UniqueIdentifier>
      <Extensions>cpp;c;cc;cxx;c++;cppm;ixx;def;odl;idl;hpj;bat;asm;asmx</Extensions>
    </Filter>
    <Filter Include="Header Files">
      <UniqueIdentifier>{93995380-89BD-4b04-88EB-625FBE52EBFB}</UniqueIdentifier>
      <Extensions>h;hh;hpp;hxx;h++;hm;inl;inc;ipp;xsd</Extensions>
    </Filter>
    <Filter Include="Resource Files">
      <UniqueIdentifier>{67DA6AB6-F800-4c08-8B7A-83BB121AAD01}</UniqueIdentifier>
      <Extensions>rc;ico;cur;bmp;dlg;rc2;rct;bin;rgs;gif;jpg;jpeg;jpe;resx;tiff;tif;png;wav;mfcribbon-ms</Extensions>
    </Filter>
  </ItemGroup>
  <ItemGroup>
    <ClCompile Include="..\..\mpck\bitfile.c">
      <Filter>Source Files</Filter>
    </ClCompile>
    <ClCompile Include="..\..\mpck\bufio.c">
      <Filter>Source Files</Filter>
    </ClCompile>
    <ClCompile Include="..\..\mpck\checkarguments.c">
      <Filter>Source Files</Filter>
    </ClCompile>
    <ClCompile Include="..\..\mpck\checkfile.c">
      <Filter>Source Files</Filter>
    </ClCompile>
    <ClCompile Include="..\..\mpck\checkframe.c">
      <Filter>Source Files</Filter>
    </ClCompile>
    <ClCompile Include="..\..\mpck\crc.c">
      <Filter>Source Files</Filter>
    </ClCompile>
    <ClCompile Include="..\..\mpck\file.c">
      <Filter>Source Files</Filter>
    </ClCompile>
    <ClCompile Include="..\..\mpck\filename.c">
      <Filter>Source Files</Filter>
    </ClCompile>
    <ClCompile Include="..\..\mpck\frame.c">
      <Filter>Source Files</Filter>
    </ClCompile>
    <ClCompile Include="..\..\mpck\layer2.c">
      <Filter>Source Files</Filter>
    </ClCompile>
    <ClCompile Include="..\..\mpck\metatag.c">
      <Filter>Source Files</Filter>
    </ClCompile>
    <ClCompile Include="..\..\mpck\options.c">
      <Filter>Source Files</Filter>
    </ClCompile>
    <ClCompile Include="..\..\mpck\print.c">
      <Filter>Source Files</Filter>
    </ClCompile>
    <ClCompile Include="..\..\mpck\total.c">
      <Filter>Source Files</Filter>
    </ClCompile>
  </ItemGroup>
  <ItemGroup>
    <ClInclude Include="..\..\mpck\bitfile.h">
      <Filter>Header Files</Filter>
    </ClInclude>
    <ClInclude Include="..\..\mpck\bufio.h">
      <Filter>Header Files</Filter>
    </ClInclude>
    <ClInclude Include="..\..\mpck\checkarguments.h">
      <Filter>Header Files</Filter>
    </ClInclude>
    <ClInclude Include="..\..\mpck\checkfile.h">
      <Filter>Header Files</Filter>
    </ClInclude>
    <ClInclude Include="..\..\mpck\checkframe.h">
      <Filter>Header Files</Filter>
    </ClInclude>
    <ClInclude Include="..\..\mpck\crc.h">
      <Filter>Header Files</Filter>
    </ClInclude>
    <ClInclude Include="..\..\mpck\file.h">
      <Filter>Header Files</Filter>
    </ClInclude>
    <ClInclude Include="..\..\mpck\filename.h">
      <Filter>Header Files</Filter>
    </ClInclude>
    <ClInclude Include="..\..\mpck\frame.h">
      <Filter>Header Files</Filter>
    </ClInclude>
    <ClInclude Include="..\..\mpck\layer2.h">
      <Filter>Header Files</Filter>
    </ClInclude>
    <ClInclude Include="..\..\mpck\matrices.h">
      <Filter>Header Files</Filter>
    </ClInclude>
    <ClInclude Include="..\..\mpck\metatag.h">
      <Filter>Header Files</Filter>
    </ClInclude>
    <ClInclude Include="..\..\mpck\mp3errors.h">
      <Filter>Header Files</Filter>
    </ClInclude>
    <ClInclude Include="..\..\mpck\mpck.h">
      <Filter>Header Files</Filter>
    </ClInclude>
    <ClInclude Include="..\..\mpck\options.h">
      <Filter>Header Files</Filter>
    </ClInclude>
    <ClInclude Include="..\..\mpck\print.h">
      <Filter>Header Files</Filter>
    </ClInclude>
    <ClInclude Include="..\..\mpck\synchsafe.h">
      <Filter>Header Files</Filter>
    </ClInclude>
    <ClInclude Include="..\..\mpck\total.h">
      <Filter>Header Files</Filter>
    </ClInclude>
  </ItemGroup>
</Project>